# This file is automatically @generated by Cargo.
# It is not intended for manual editing.
version = 4

[[package]]
name = "log"
version = "0.4.28"
source = "registry+https://github.com/rust-lang/crates.io-index"
checksum = "34080505efa8e45a4b816c349525ebe327ceaa8559756f0356cba97ef3bf7432"

[[package]]
name = "riscv_learning"
version = "0.1.0"
dependencies = [
 "log",
 "sbi-rt",
]

[[package]]
name = "sbi-rt"
version = "0.0.3"
source = "registry+https://github.com/rust-lang/crates.io-index"
checksum = "7fbaa69be1eedc61c426e6d489b2260482e928b465360576900d52d496a58bd0"
dependencies = [
 "sbi-spec",
]

[[package]]
name = "sbi-spec"
version = "0.0.7"
source = "registry+https://github.com/rust-lang/crates.io-index"
checksum = "e6e36312fb5ddc10d08ecdc65187402baba4ac34585cb9d1b78522ae2358d890"
